
Microsoft Visual Studio Solution File, Format Version 12.00
# Visual Studio Version 17
VisualStudioVersion = 17.2.32616.157
MinimumVisualStudioVersion = 10.0.40219.1
Project("{FAE04EC0-301F-11D3-BF4B-00C04F79EFBC}") = "DapperCRUD", "DapperCRUD\DapperCRUD.csproj", "{ED14F97E-F431-4241-AA7D-57E031E41F83}"
EndProject
Global
	GlobalSection(SolutionConfigurationPlatforms) = preSolution
		Debug|Any CPU = Debug|Any CPU
		Release|Any CPU = Release|Any CPU
	EndGlobalSection
	GlobalSection(ProjectConfigurationPlatforms) = postSolution
		{ED14F97E-F431-4241-AA7D-57E031E41F83}.Debug|Any CPU.ActiveCfg = Debug|Any CPU
		{ED14F97E-F431-4241-AA7D-57E031E41F83}.Debug|Any CPU.Build.0 = Debug|Any CPU
		{ED14F97E-F431-4241-AA7D-57E031E41F83}.Release|Any CPU.ActiveCfg = Release|Any CPU
		{ED14F97E-F431-4241-AA7D-57E031E41F83}.Release|Any CPU.Build.0 = Release|Any CPU
	EndGlobalSection
	GlobalSection(SolutionProperties) = preSolution
		HideSolutionNode = FALSE
	EndGlobalSection
	GlobalSection(ExtensibilityGlobals) = postSolution
		SolutionGuid = {CED88817-B555-4242-970C-7420D6C1A45F}
	EndGlobalSection
EndGlobal
